{
  "object": {
    "pins": [
      {
        "package": "RealmDatabase",
        "repositoryURL": "https://github.com/realm/realm-core.git",
        "state": {
          "branch": null,
          "revision": "15493076ad9fef22c16cc64cbfbf9e5b65c385f9",
          "version": "20.1.0"
        }
      },
      {
        "package": "Realm",
        "repositoryURL": "https://github.com/realm/realm-swift",
        "state": {
          "branch": null,
          "revision": "f8d74e90eafa2ac0e760bc674b49f40b593b1483",
          "version": "20.0.2"
        }
      }
    ]
  },
  "version": 1
}
